// !$*UTF8*$!
{
	archiveVersion = 1;
	classes = {
	};
	objectVersion = 46;
	objects = {

/* Begin PBXBuildFile section */
		0C263E9B1CE8D50E00F8DAF0 /* AppDelegate.swift in Sources */ = {isa = PBXBuildFile; fileRef = 0C263E9A1CE8D50E00F8DAF0 /* AppDelegate.swift */; };
		0C263E9D1CE8D50E00F8DAF0 /* ViewController.swift in Sources */ = {isa = PBXBuildFile; fileRef = 0C263E9C1CE8D50E00F8DAF0 /* ViewController.swift */; };
		0C263EA01CE8D50E00F8DAF0 /* Main.storyboard in Resources */ = {isa = PBXBuildFile; fileRef = 0C263E9E1CE8D50E00F8DAF0 /* Main.storyboard */; };
		0C263EA21CE8D50E00F8DAF0 /* Assets.xcassets in Resources */ = {isa = PBXBuildFile; fileRef = 0C263EA11CE8D50E00F8DAF0 /* Assets.xcassets */; };
		0C263EA51CE8D50E00F8DAF0 /* LaunchScreen.storyboard in Resources */ = {isa = PBXBuildFile; fileRef = 0C263EA31CE8D50E00F8DAF0 /* LaunchScreen.storyboard */; };
		0C302F0E1CE8E01800576D3E /* Movie.swift in Sources */ = {isa = PBXBuildFile; fileRef = 0C302F0D1CE8E01800576D3E /* Movie.swift */; };
		0C5E33F11CE8FFD800D8DE47 /* Config.swift in Sources */ = {isa = PBXBuildFile; fileRef = 0C5E33F01CE8FFD800D8DE47 /* Config.swift */; };
		0C5E33F31CE902A900D8DE47 /* MovieDetailViewController.swift in Sources */ = {isa = PBXBuildFile; fileRef = 0C5E33F21CE902A900D8DE47 /* MovieDetailViewController.swift */; };
		FC1E199249EE3EEA5C41EBC4 /* Pods_movies.framework in Frameworks */ = {isa = PBXBuildFile; fileRef = 5AE52F5885963FA63BF3F627 /* Pods_movies.framework */; };
/* End PBXBuildFile section */

/* Begin PBXFileReference section */
		0C263E971CE8D50E00F8DAF0 /* movies.app */ = {isa = PBXFileReference; explicitFileType = wrapper.application; includeInIndex = 0; path = movies.app; sourceTree = BUILT_PRODUCTS_DIR; };
		0C263E9A1CE8D50E00F8DAF0 /* AppDelegate.swift */ = {isa = PBXFileReference; lastKnownFileType = sourcecode.swift; path = AppDelegate.swift; sourceTree = "<group>"; };
		0C263E9C1CE8D50E00F8DAF0 /* ViewController.swift */ = {isa = PBXFileReference; lastKnownFileType = sourcecode.swift; path = ViewController.swift; sourceTree = "<group>"; };
		0C263E9F1CE8D50E00F8DAF0 /* Base */ = {isa = PBXFileReference; lastKnownFileType = file.storyboard; name = Base; path = Base.lproj/Main.storyboard; sourceTree = "<group>"; };
		0C263EA11CE8D50E00F8DAF0 /* Assets.xcassets */ = {isa = PBXFileReference; lastKnownFileType = folder.assetcatalog; path = Assets.xcassets; sourceTree = "<group>"; };
		0C263EA41CE8D50E00F8DAF0 /* Base */ = {isa = PBXFileReference; lastKnownFileType = file.storyboard; name = Base; path = Base.lproj/LaunchScreen.storyboard; sourceTree = "<group>"; };
		0C263EA61CE8D50E00F8DAF0 /* Info.plist */ = {isa = PBXFileReference; lastKnownFileType = text.plist.xml; path = Info.plist; sourceTree = "<group>"; };
		0C302F0D1CE8E01800576D3E /* Movie.swift */ = {isa = PBXFileReference; fileEncoding = 4; lastKnownFileType = sourcecode.swift; path = Movie.swift; sourceTree = "<group>"; };
		0C5E33F01CE8FFD800D8DE47 /* Config.swift */ = {isa = PBXFileReference; fileEncoding = 4; lastKnownFileType = sourcecode.swift; path = Config.swift; sourceTree = "<group>"; };
		0C5E33F21CE902A900D8DE47 /* MovieDetailViewController.swift */ = {isa = PBXFileReference; fileEncoding = 4; lastKnownFileType = sourcecode.swift; path = MovieDetailViewController.swift; sourceTree = "<group>"; };
		14FEA7BED63BAFA9B4A4836B /* Pods-movies.release.xcconfig */ = {isa = PBXFileReference; includeInIndex = 1; lastKnownFileType = text.xcconfig; name = "Pods-movies.release.xcconfig"; path = "Pods/Target Support Files/Pods-movies/Pods-movies.release.xcconfig"; sourceTree = "<group>"; };
		5AE52F5885963FA63BF3F627 /* Pods_movies.framework */ = {isa = PBXFileReference; explicitFileType = wrapper.framework; includeInIndex = 0; path = Pods_movies.framework; sourceTree = BUILT_PRODUCTS_DIR; };
		D8144510D2F02A8D6A851971 /* Pods-movies.debug.xcconfig */ = {isa = PBXFileReference; includeInIndex = 1; lastKnownFileType = text.xcconfig; name = "Pods-movies.debug.xcconfig"; path = "Pods/Target Support Files/Pods-movies/Pods-movies.debug.xcconfig"; sourceTree = "<group>"; };
/* End PBXFileReference section */

/* Begin PBXFrameworksBuildPhase section */
		0C263E941CE8D50D00F8DAF0 /* Frameworks */ = {
			isa = PBXFrameworksBuildPhase;
			buildActionMask = 2147483647;
			files = (
				FC1E199249EE3EEA5C41EBC4 /* Pods_movies.framework in Frameworks */,
			);
			runOnlyForDeploymentPostprocessing = 0;
		};
/* End PBXFrameworksBuildPhase section */

/* Begin PBXGroup section */
		0C263E8E1CE8D50D00F8DAF0 = {
			isa = PBXGroup;
			children = (
				0C263E991CE8D50E00F8DAF0 /* movies */,
				0C263E981CE8D50E00F8DAF0 /* Products */,
				B76AAB65FE606DEF46FB57EE /* Pods */,
				68F80E50B5E169135577B5AE /* Frameworks */,
			);
			sourceTree = "<group>";
		};
		0C263E981CE8D50E00F8DAF0 /* Products */ = {
			isa = PBXGroup;
			children = (
				0C263E971CE8D50E00F8DAF0 /* movies.app */,
			);
			name = Products;
			sourceTree = "<group>";
		};
		0C263E991CE8D50E00F8DAF0 /* movies */ = {
			isa = PBXGroup;
			children = (
				0C302F0C1CE8E00D00576D3E /* models */,
				0C263E9A1CE8D50E00F8DAF0 /* AppDelegate.swift */,
				0C5E33F01CE8FFD800D8DE47 /* Config.swift */,
				0C263E9C1CE8D50E00F8DAF0 /* ViewController.swift */,
				0C5E33F21CE902A900D8DE47 /* MovieDetailViewController.swift */,
				0C263E9E1CE8D50E00F8DAF0 /* Main.storyboard */,
				0C263EA11CE8D50E00F8DAF0 /* Assets.xcassets */,
				0C263EA31CE8D50E00F8DAF0 /* LaunchScreen.storyboard */,
				0C263EA61CE8D50E00F8DAF0 /* Info.plist */,
			);
			path = movies;
			sourceTree = "<group>";
		};
		0C302F0C1CE8E00D00576D3E /* models */ = {
			isa = PBXGroup;
			children = (
				0C302F0D1CE8E01800576D3E /* Movie.swift */,
			);
			path = models;
			sourceTree = "<group>";
		};
		68F80E50B5E169135577B5AE /* Frameworks */ = {
			isa = PBXGroup;
			children = (
				5AE52F5885963FA63BF3F627 /* Pods_movies.framework */,
			);
			name = Frameworks;
			sourceTree = "<group>";
		};
		B76AAB65FE606DEF46FB57EE /* Pods */ = {
			isa = PBXGroup;
			children = (
				D8144510D2F02A8D6A851971 /* Pods-movies.debug.xcconfig */,
				14FEA7BED63BAFA9B4A4836B /* Pods-movies.release.xcconfig */,
			);
			name = Pods;
			sourceTree = "<group>";
		};
/* End PBXGroup section */

/* Begin PBXNativeTarget section */
		0C263E961CE8D50D00F8DAF0 /* movies */ = {
			isa = PBXNativeTarget;
			buildConfigurationList = 0C263EA91CE8D50E00F8DAF0 /* Build configuration list for PBXNativeTarget "movies" */;
			buildPhases = (
				DB4D9F18B9FC06EAC64AB00E /* Check Pods Manifest.lock */,
				0C263E931CE8D50D00F8DAF0 /* Sources */,
				0C263E941CE8D50D00F8DAF0 /* Frameworks */,
				0C263E951CE8D50D00F8DAF0 /* Resources */,
				58FAD1F8031A33CCE0072115 /* Embed Pods Frameworks */,
				4A7177B8AB8FC4FA899A4CC8 /* Copy Pods Resources */,
			);
			buildRules = (
			);
			dependencies = (
			);
			name = movies;
			productName = movies;
			productReference = 0C263E971CE8D50E00F8DAF0 /* movies.app */;
			productType = "com.apple.product-type.application";
		};
/* End PBXNativeTarget section */

/* Begin PBXProject section */
		0C263E8F1CE8D50D00F8DAF0 /* Project object */ = {
			isa = PBXProject;
			attributes = {
				LastSwiftUpdateCheck = 0730;
				LastUpgradeCheck = 0730;
				ORGANIZATIONNAME = fullstack360;
				TargetAttributes = {
					0C263E961CE8D50D00F8DAF0 = {
						CreatedOnToolsVersion = 7.3;
					};
				};
			};
			buildConfigurationList = 0C263E921CE8D50D00F8DAF0 /* Build configuration list for PBXProject "movies" */;
			compatibilityVersion = "Xcode 3.2";
			developmentRegion = English;
			hasScannedForEncodings = 0;
			knownRegions = (
				en,
				Base,
			);
			mainGroup = 0C263E8E1CE8D50D00F8DAF0;
			productRefGroup = 0C263E981CE8D50E00F8DAF0 /* Products */;
			projectDirPath = "";
			projectRoot = "";
			targets = (
				0C263E961CE8D50D00F8DAF0 /* movies */,
			);
		};
/* End PBXProject section */

/* Begin PBXResourcesBuildPhase section */
		0C263E951CE8D50D00F8DAF0 /* Resources */ = {
			isa = PBXResourcesBuildPhase;
			buildActionMask = 2147483647;
			files = (
				0C263EA51CE8D50E00F8DAF0 /* LaunchScreen.storyboard in Resources */,
				0C263EA21CE8D50E00F8DAF0 /* Assets.xcassets in Resources */,
				0C263EA01CE8D50E00F8DAF0 /* Main.storyboard in Resources */,
			);
			runOnlyForDeploymentPostprocessing = 0;
		};
/* End PBXResourcesBuildPhase section */

/* Begin PBXShellScriptBuildPhase section */
		4A7177B8AB8FC4FA899A4CC8 /* Copy Pods Resources */ = {
			isa = PBXShellScriptBuildPhase;
			buildActionMask = 2147483647;
			files = (
			);
			inputPaths = (
			);
			name = "Copy Pods Resources";
			outputPaths = (
			);
			runOnlyForDeploymentPostprocessing = 0;
			shellPath = /bin/sh;
			shellScript = "\"${SRCROOT}/Pods/Target Support Files/Pods-movies/Pods-movies-resources.sh\"\n";
			showEnvVarsInLog = 0;
		};
		58FAD1F8031A33CCE0072115 /* Embed Pods Frameworks */ = {
			isa = PBXShellScriptBuildPhase;
			buildActionMask = 2147483647;
			files = (
			);
			inputPaths = (
			);
			name = "Embed Pods Frameworks";
			outputPaths = (
			);
			runOnlyForDeploymentPostprocessing = 0;
			shellPath = /bin/sh;
			shellScript = "\"${SRCROOT}/Pods/Target Support Files/Pods-movies/Pods-movies-frameworks.sh\"\n";
			showEnvVarsInLog = 0;
		};
		DB4D9F18B9FC06EAC64AB00E /* Check Pods Manifest.lock */ = {
			isa = PBXShellScriptBuildPhase;
			buildActionMask = 2147483647;
			files = (
			);
			inputPaths = (
			);
			name = "Check Pods Manifest.lock";
			outputPaths = (
			);
			runOnlyForDeploymentPostprocessing = 0;
			shellPath = /bin/sh;
			shellScript = "diff \"${PODS_ROOT}/../Podfile.lock\" \"${PODS_ROOT}/Manifest.lock\" > /dev/null\nif [[ $? != 0 ]] ; then\n    cat << EOM\nerror: The sandbox is not in sync with the Podfile.lock. Run 'pod install' or update your CocoaPods installation.\nEOM\n    exit 1\nfi\n";
			showEnvVarsInLog = 0;
		};
/* End PBXShellScriptBuildPhase section */

/* Begin PBXSourcesBuildPhase section */
		0C263E931CE8D50D00F8DAF0 /* Sources */ = {
			isa = PBXSourcesBuildPhase;
			buildActionMask = 2147483647;
			files = (
				0C263E9D1CE8D50E00F8DAF0 /* ViewController.swift in Sources */,
				0C5E33F31CE902A900D8DE47 /* MovieDetailViewController.swift in Sources */,
				0C5E33F11CE8FFD800D8DE47 /* Config.swift in Sources */,
				0C263E9B1CE8D50E00F8DAF0 /* AppDelegate.swift in Sources */,
				0C302F0E1CE8E01800576D3E /* Movie.swift in Sources */,
			);
			runOnlyForDeploymentPostprocessing = 0;
		};
/* End PBXSourcesBuildPhase section */

/* Begin PBXVariantGroup section */
		0C263E9E1CE8D50E00F8DAF0 /* Main.storyboard */ = {
			isa = PBXVariantGroup;
			children = (
				0C263E9F1CE8D50E00F8DAF0 /* Base */,
			);
			name = Main.storyboard;
			sourceTree = "<group>";
		};
		0C263EA31CE8D50E00F8DAF0 /* LaunchScreen.storyboard */ = {
			isa = PBXVariantGroup;
			children = (
				0C263EA41CE8D50E00F8DAF0 /* Base */,
			);
			name = LaunchScreen.storyboard;
			sourceTree = "<group>";
		};
/* End PBXVariantGroup section */

/* Begin XCBuildConfiguration section */
		0C263EA71CE8D50E00F8DAF0 /* Debug */ = {
			isa = XCBuildConfiguration;
			buildSettings = {
				ALWAYS_SEARCH_USER_PATHS = NO;
				CLANG_ANALYZER_NONNULL = YES;
				CLANG_CXX_LANGUAGE_STANDARD = "gnu++0x";
				CLANG_CXX_LIBRARY = "libc++";
				CLANG_ENABLE_MODULES = YES;
				CLANG_ENABLE_OBJC_ARC = YES;
				CLANG_WARN_BOOL_CONVERSION = YES;
				CLANG_WARN_CONSTANT_CONVERSION = YES;
				CLANG_WARN_DIRECT_OBJC_ISA_USAGE = YES_ERROR;
				CLANG_WARN_EMPTY_BODY = YES;
				CLANG_WARN_ENUM_CONVERSION = YES;
				CLANG_WARN_INT_CONVERSION = YES;
				CLANG_WARN_OBJC_ROOT_CLASS = YES_ERROR;
				CLANG_WARN_UNREACHABLE_CODE = YES;
				CLANG_WARN__DUPLICATE_METHOD_MATCH = YES;
				"CODE_SIGN_IDENTITY[sdk=iphoneos*]" = "iPhone Developer";
				COPY_PHASE_STRIP = NO;
				DEBUG_INFORMATION_FORMAT = dwarf;
				ENABLE_STRICT_OBJC_MSGSEND = YES;
				ENABLE_TESTABILITY = YES;
				GCC_C_LANGUAGE_STANDARD = gnu99;
				GCC_DYNAMIC_NO_PIC = NO;
				GCC_NO_COMMON_BLOCKS = YES;
				GCC_OPTIMIZATION_LEVEL = 0;
				GCC_PREPROCESSOR_DEFINITIONS = (
					"DEBUG=1",
					"$(inherited)",
				);
				GCC_WARN_64_TO_32_BIT_CONVERSION = YES;
				GCC_WARN_ABOUT_RETURN_TYPE = YES_ERROR;
				GCC_WARN_UNDECLARED_SELECTOR = YES;
				GCC_WARN_UNINITIALIZED_AUTOS = YES_AGGRESSIVE;
				GCC_WARN_UNUSED_FUNCTION = YES;
				GCC_WARN_UNUSED_VARIABLE = YES;
				IPHONEOS_DEPLOYMENT_TARGET = 9.3;
				MTL_ENABLE_DEBUG_INFO = YES;
				ONLY_ACTIVE_ARCH = YES;
				SDKROOT = iphoneos;
				SWIFT_OPTIMIZATION_LEVEL = "-Onone";
			};
			name = Debug;
		};
		0C263EA81CE8D50E00F8DAF0 /* Release */ = {
			isa = XCBuildConfiguration;
			buildSettings = {
				ALWAYS_SEARCH_USER_PATHS = NO;
				CLANG_ANALYZER_NONNULL = YES;
				CLANG_CXX_LANGUAGE_STANDARD = "gnu++0x";
				CLANG_CXX_LIBRARY = "libc++";
				CLANG_ENABLE_MODULES = YES;
				CLANG_ENABLE_OBJC_ARC = YES;
				CLANG_WARN_BOOL_CONVERSION = YES;
				CLANG_WARN_CONSTANT_CONVERSION = YES;
				CLANG_WARN_DIRECT_OBJC_ISA_USAGE = YES_ERROR;
				CLANG_WARN_EMPTY_BODY = YES;
				CLANG_WARN_ENUM_CONVERSION = YES;
				CLANG_WARN_INT_CONVERSION = YES;
				CLANG_WARN_OBJC_ROOT_CLASS = YES_ERROR;
				CLANG_WARN_UNREACHABLE_CODE = YES;
				CLANG_WARN__DUPLICATE_METHOD_MATCH = YES;
				"CODE_SIGN_IDENTITY[sdk=iphoneos*]" = "iPhone Developer";
				COPY_PHASE_STRIP = NO;
				DEBUG_INFORMATION_FORMAT = "dwarf-with-dsym";
				ENABLE_NS_ASSERTIONS = NO;
				ENABLE_STRICT_OBJC_MSGSEND = YES;
				GCC_C_LANGUAGE_STANDARD = gnu99;
				GCC_NO_COMMON_BLOCKS = YES;
				GCC_WARN_64_TO_32_BIT_CONVERSION = YES;
				GCC_WARN_ABOUT_RETURN_TYPE = YES_ERROR;
				GCC_WARN_UNDECLARED_SELECTOR = YES;
				GCC_WARN_UNINITIALIZED_AUTOS = YES_AGGRESSIVE;
				GCC_WARN_UNUSED_FUNCTION = YES;
				GCC_WARN_UNUSED_VARIABLE = YES;
				IPHONEOS_DEPLOYMENT_TARGET = 9.3;
				MTL_ENABLE_DEBUG_INFO = NO;
				SDKROOT = iphoneos;
				VALIDATE_PRODUCT = YES;
			};
			name = Release;
		};
		0C263EAA1CE8D50E00F8DAF0 /* Debug */ = {
			isa = XCBuildConfiguration;
			baseConfigurationReference = D8144510D2F02A8D6A851971 /* Pods-movies.debug.xcconfig */;
			buildSettings = {
				ASSETCATALOG_COMPILER_APPICON_NAME = AppIcon;
				INFOPLIST_FILE = movies/Info.plist;
				LD_RUNPATH_SEARCH_PATHS = "$(inherited) @executable_path/Frameworks";
				PRODUCT_BUNDLE_IDENTIFIER = com.fullstack360.movies;
				PRODUCT_NAME = "$(TARGET_NAME)";
			};
			name = Debug;
		};
		0C263EAB1CE8D50E00F8DAF0 /* Release */ = {
			isa = XCBuildConfiguration;
			baseConfigurationReference = 14FEA7BED63BAFA9B4A4836B /* Pods-movies.release.xcconfig */;
			buildSettings = {
				ASSETCATALOG_COMPILER_APPICON_NAME = AppIcon;
				INFOPLIST_FILE = movies/Info.plist;
				LD_RUNPATH_SEARCH_PATHS = "$(inherited) @executable_path/Frameworks";
				PRODUCT_BUNDLE_IDENTIFIER = com.fullstack360.movies;
				PRODUCT_NAME = "$(TARGET_NAME)";
			};
			name = Release;
		};
/* End XCBuildConfiguration section */

/* Begin XCConfigurationList section */
		0C263E921CE8D50D00F8DAF0 /* Build configuration list for PBXProject "movies" */ = {
			isa = XCConfigurationList;
			buildConfigurations = (
				0C263EA71CE8D50E00F8DAF0 /* Debug */,
				0C263EA81CE8D50E00F8DAF0 /* Release */,
			);
			defaultConfigurationIsVisible = 0;
			defaultConfigurationName = Release;
		};
		0C263EA91CE8D50E00F8DAF0 /* Build configuration list for PBXNativeTarget "movies" */ = {
			isa = XCConfigurationList;
			buildConfigurations = (
				0C263EAA1CE8D50E00F8DAF0 /* Debug */,
				0C263EAB1CE8D50E00F8DAF0 /* Release */,
			);
			defaultConfigurationIsVisible = 0;
			defaultConfigurationName = Release;
		};
/* End XCConfigurationList section */
	};
	rootObject = 0C263E8F1CE8D50D00F8DAF0 /* Project object */;
}
