// !$*UTF8*$!
{
	archiveVersion = 1;
	classes = {
	};
	objectVersion = 46;
	objects = {

/* Begin PBXBuildFile section */
		159F9A541CDF80330014CBF4 /* AppDelegate.swift in Sources */ = {isa = PBXBuildFile; fileRef = 159F9A531CDF80330014CBF4 /* AppDelegate.swift */; };
		159F9A561CDF80330014CBF4 /* ViewController.swift in Sources */ = {isa = PBXBuildFile; fileRef = 159F9A551CDF80330014CBF4 /* ViewController.swift */; };
		159F9A591CDF80330014CBF4 /* Main.storyboard in Resources */ = {isa = PBXBuildFile; fileRef = 159F9A571CDF80330014CBF4 /* Main.storyboard */; };
		159F9A5B1CDF80330014CBF4 /* Assets.xcassets in Resources */ = {isa = PBXBuildFile; fileRef = 159F9A5A1CDF80330014CBF4 /* Assets.xcassets */; };
		159F9A5E1CDF80330014CBF4 /* LaunchScreen.storyboard in Resources */ = {isa = PBXBuildFile; fileRef = 159F9A5C1CDF80330014CBF4 /* LaunchScreen.storyboard */; };
		159F9A661CDF810E0014CBF4 /* ShowsListViewController.swift in Sources */ = {isa = PBXBuildFile; fileRef = 159F9A651CDF810E0014CBF4 /* ShowsListViewController.swift */; };
		159F9A681CDF93590014CBF4 /* ShowSummaryViewController.swift in Sources */ = {isa = PBXBuildFile; fileRef = 159F9A671CDF93590014CBF4 /* ShowSummaryViewController.swift */; };
		159F9A6B1CDF944E0014CBF4 /* TVShow.swift in Sources */ = {isa = PBXBuildFile; fileRef = 159F9A6A1CDF944E0014CBF4 /* TVShow.swift */; };
		B69223C31E2495FF6E7E5B16 /* Pods_tv_shows.framework in Frameworks */ = {isa = PBXBuildFile; fileRef = FBDB0C1F4A31F6C40127F171 /* Pods_tv_shows.framework */; };
/* End PBXBuildFile section */

/* Begin PBXFileReference section */
		159F9A501CDF80330014CBF4 /* tv-shows.app */ = {isa = PBXFileReference; explicitFileType = wrapper.application; includeInIndex = 0; path = "tv-shows.app"; sourceTree = BUILT_PRODUCTS_DIR; };
		159F9A531CDF80330014CBF4 /* AppDelegate.swift */ = {isa = PBXFileReference; lastKnownFileType = sourcecode.swift; path = AppDelegate.swift; sourceTree = "<group>"; };
		159F9A551CDF80330014CBF4 /* ViewController.swift */ = {isa = PBXFileReference; lastKnownFileType = sourcecode.swift; path = ViewController.swift; sourceTree = "<group>"; };
		159F9A581CDF80330014CBF4 /* Base */ = {isa = PBXFileReference; lastKnownFileType = file.storyboard; name = Base; path = Base.lproj/Main.storyboard; sourceTree = "<group>"; };
		159F9A5A1CDF80330014CBF4 /* Assets.xcassets */ = {isa = PBXFileReference; lastKnownFileType = folder.assetcatalog; path = Assets.xcassets; sourceTree = "<group>"; };
		159F9A5D1CDF80330014CBF4 /* Base */ = {isa = PBXFileReference; lastKnownFileType = file.storyboard; name = Base; path = Base.lproj/LaunchScreen.storyboard; sourceTree = "<group>"; };
		159F9A5F1CDF80330014CBF4 /* Info.plist */ = {isa = PBXFileReference; lastKnownFileType = text.plist.xml; path = Info.plist; sourceTree = "<group>"; };
		159F9A651CDF810E0014CBF4 /* ShowsListViewController.swift */ = {isa = PBXFileReference; fileEncoding = 4; lastKnownFileType = sourcecode.swift; path = ShowsListViewController.swift; sourceTree = "<group>"; };
		159F9A671CDF93590014CBF4 /* ShowSummaryViewController.swift */ = {isa = PBXFileReference; fileEncoding = 4; lastKnownFileType = sourcecode.swift; path = ShowSummaryViewController.swift; sourceTree = "<group>"; };
		159F9A6A1CDF944E0014CBF4 /* TVShow.swift */ = {isa = PBXFileReference; fileEncoding = 4; lastKnownFileType = sourcecode.swift; path = TVShow.swift; sourceTree = "<group>"; };
		37306AB43DF0DEF3121EB3D6 /* Pods-tv-shows.debug.xcconfig */ = {isa = PBXFileReference; includeInIndex = 1; lastKnownFileType = text.xcconfig; name = "Pods-tv-shows.debug.xcconfig"; path = "Pods/Target Support Files/Pods-tv-shows/Pods-tv-shows.debug.xcconfig"; sourceTree = "<group>"; };
		AEDDEBA3BADA3230F7E37672 /* Pods-tv-shows.release.xcconfig */ = {isa = PBXFileReference; includeInIndex = 1; lastKnownFileType = text.xcconfig; name = "Pods-tv-shows.release.xcconfig"; path = "Pods/Target Support Files/Pods-tv-shows/Pods-tv-shows.release.xcconfig"; sourceTree = "<group>"; };
		FBDB0C1F4A31F6C40127F171 /* Pods_tv_shows.framework */ = {isa = PBXFileReference; explicitFileType = wrapper.framework; includeInIndex = 0; path = Pods_tv_shows.framework; sourceTree = BUILT_PRODUCTS_DIR; };
/* End PBXFileReference section */

/* Begin PBXFrameworksBuildPhase section */
		159F9A4D1CDF80330014CBF4 /* Frameworks */ = {
			isa = PBXFrameworksBuildPhase;
			buildActionMask = 2147483647;
			files = (
				B69223C31E2495FF6E7E5B16 /* Pods_tv_shows.framework in Frameworks */,
			);
			runOnlyForDeploymentPostprocessing = 0;
		};
/* End PBXFrameworksBuildPhase section */

/* Begin PBXGroup section */
		159F9A471CDF80330014CBF4 = {
			isa = PBXGroup;
			children = (
				159F9A521CDF80330014CBF4 /* tv-shows */,
				159F9A511CDF80330014CBF4 /* Products */,
				9252973423416A5F69943ECF /* Pods */,
				DF442CFD63C07CCA7AF1318E /* Frameworks */,
			);
			sourceTree = "<group>";
		};
		159F9A511CDF80330014CBF4 /* Products */ = {
			isa = PBXGroup;
			children = (
				159F9A501CDF80330014CBF4 /* tv-shows.app */,
			);
			name = Products;
			sourceTree = "<group>";
		};
		159F9A521CDF80330014CBF4 /* tv-shows */ = {
			isa = PBXGroup;
			children = (
				159F9A691CDF940C0014CBF4 /* models */,
				159F9A531CDF80330014CBF4 /* AppDelegate.swift */,
				159F9A551CDF80330014CBF4 /* ViewController.swift */,
				159F9A651CDF810E0014CBF4 /* ShowsListViewController.swift */,
				159F9A671CDF93590014CBF4 /* ShowSummaryViewController.swift */,
				159F9A571CDF80330014CBF4 /* Main.storyboard */,
				159F9A5A1CDF80330014CBF4 /* Assets.xcassets */,
				159F9A5C1CDF80330014CBF4 /* LaunchScreen.storyboard */,
				159F9A5F1CDF80330014CBF4 /* Info.plist */,
			);
			path = "tv-shows";
			sourceTree = "<group>";
		};
		159F9A691CDF940C0014CBF4 /* models */ = {
			isa = PBXGroup;
			children = (
				159F9A6A1CDF944E0014CBF4 /* TVShow.swift */,
			);
			path = models;
			sourceTree = "<group>";
		};
		9252973423416A5F69943ECF /* Pods */ = {
			isa = PBXGroup;
			children = (
				37306AB43DF0DEF3121EB3D6 /* Pods-tv-shows.debug.xcconfig */,
				AEDDEBA3BADA3230F7E37672 /* Pods-tv-shows.release.xcconfig */,
			);
			name = Pods;
			sourceTree = "<group>";
		};
		DF442CFD63C07CCA7AF1318E /* Frameworks */ = {
			isa = PBXGroup;
			children = (
				FBDB0C1F4A31F6C40127F171 /* Pods_tv_shows.framework */,
			);
			name = Frameworks;
			sourceTree = "<group>";
		};
/* End PBXGroup section */

/* Begin PBXNativeTarget section */
		159F9A4F1CDF80330014CBF4 /* tv-shows */ = {
			isa = PBXNativeTarget;
			buildConfigurationList = 159F9A621CDF80330014CBF4 /* Build configuration list for PBXNativeTarget "tv-shows" */;
			buildPhases = (
				34A43228DF3472744D290DCB /* Check Pods Manifest.lock */,
				159F9A4C1CDF80330014CBF4 /* Sources */,
				159F9A4D1CDF80330014CBF4 /* Frameworks */,
				159F9A4E1CDF80330014CBF4 /* Resources */,
				DCE5B88865F8DA8DC3E07C33 /* Embed Pods Frameworks */,
				653BD5AD75CC9C2C0713D933 /* Copy Pods Resources */,
			);
			buildRules = (
			);
			dependencies = (
			);
			name = "tv-shows";
			productName = "tv-shows";
			productReference = 159F9A501CDF80330014CBF4 /* tv-shows.app */;
			productType = "com.apple.product-type.application";
		};
/* End PBXNativeTarget section */

/* Begin PBXProject section */
		159F9A481CDF80330014CBF4 /* Project object */ = {
			isa = PBXProject;
			attributes = {
				LastSwiftUpdateCheck = 0730;
				LastUpgradeCheck = 0730;
				ORGANIZATIONNAME = sartra;
				TargetAttributes = {
					159F9A4F1CDF80330014CBF4 = {
						CreatedOnToolsVersion = 7.3;
					};
				};
			};
			buildConfigurationList = 159F9A4B1CDF80330014CBF4 /* Build configuration list for PBXProject "tv-shows" */;
			compatibilityVersion = "Xcode 3.2";
			developmentRegion = English;
			hasScannedForEncodings = 0;
			knownRegions = (
				en,
				Base,
			);
			mainGroup = 159F9A471CDF80330014CBF4;
			productRefGroup = 159F9A511CDF80330014CBF4 /* Products */;
			projectDirPath = "";
			projectRoot = "";
			targets = (
				159F9A4F1CDF80330014CBF4 /* tv-shows */,
			);
		};
/* End PBXProject section */

/* Begin PBXResourcesBuildPhase section */
		159F9A4E1CDF80330014CBF4 /* Resources */ = {
			isa = PBXResourcesBuildPhase;
			buildActionMask = 2147483647;
			files = (
				159F9A5E1CDF80330014CBF4 /* LaunchScreen.storyboard in Resources */,
				159F9A5B1CDF80330014CBF4 /* Assets.xcassets in Resources */,
				159F9A591CDF80330014CBF4 /* Main.storyboard in Resources */,
			);
			runOnlyForDeploymentPostprocessing = 0;
		};
/* End PBXResourcesBuildPhase section */

/* Begin PBXShellScriptBuildPhase section */
		34A43228DF3472744D290DCB /* Check Pods Manifest.lock */ = {
			isa = PBXShellScriptBuildPhase;
			buildActionMask = 2147483647;
			files = (
			);
			inputPaths = (
			);
			name = "Check Pods Manifest.lock";
			outputPaths = (
			);
			runOnlyForDeploymentPostprocessing = 0;
			shellPath = /bin/sh;
			shellScript = "diff \"${PODS_ROOT}/../Podfile.lock\" \"${PODS_ROOT}/Manifest.lock\" > /dev/null\nif [[ $? != 0 ]] ; then\n    cat << EOM\nerror: The sandbox is not in sync with the Podfile.lock. Run 'pod install' or update your CocoaPods installation.\nEOM\n    exit 1\nfi\n";
			showEnvVarsInLog = 0;
		};
		653BD5AD75CC9C2C0713D933 /* Copy Pods Resources */ = {
			isa = PBXShellScriptBuildPhase;
			buildActionMask = 2147483647;
			files = (
			);
			inputPaths = (
			);
			name = "Copy Pods Resources";
			outputPaths = (
			);
			runOnlyForDeploymentPostprocessing = 0;
			shellPath = /bin/sh;
			shellScript = "\"${SRCROOT}/Pods/Target Support Files/Pods-tv-shows/Pods-tv-shows-resources.sh\"\n";
			showEnvVarsInLog = 0;
		};
		DCE5B88865F8DA8DC3E07C33 /* Embed Pods Frameworks */ = {
			isa = PBXShellScriptBuildPhase;
			buildActionMask = 2147483647;
			files = (
			);
			inputPaths = (
			);
			name = "Embed Pods Frameworks";
			outputPaths = (
			);
			runOnlyForDeploymentPostprocessing = 0;
			shellPath = /bin/sh;
			shellScript = "\"${SRCROOT}/Pods/Target Support Files/Pods-tv-shows/Pods-tv-shows-frameworks.sh\"\n";
			showEnvVarsInLog = 0;
		};
/* End PBXShellScriptBuildPhase section */

/* Begin PBXSourcesBuildPhase section */
		159F9A4C1CDF80330014CBF4 /* Sources */ = {
			isa = PBXSourcesBuildPhase;
			buildActionMask = 2147483647;
			files = (
				159F9A681CDF93590014CBF4 /* ShowSummaryViewController.swift in Sources */,
				159F9A561CDF80330014CBF4 /* ViewController.swift in Sources */,
				159F9A661CDF810E0014CBF4 /* ShowsListViewController.swift in Sources */,
				159F9A6B1CDF944E0014CBF4 /* TVShow.swift in Sources */,
				159F9A541CDF80330014CBF4 /* AppDelegate.swift in Sources */,
			);
			runOnlyForDeploymentPostprocessing = 0;
		};
/* End PBXSourcesBuildPhase section */

/* Begin PBXVariantGroup section */
		159F9A571CDF80330014CBF4 /* Main.storyboard */ = {
			isa = PBXVariantGroup;
			children = (
				159F9A581CDF80330014CBF4 /* Base */,
			);
			name = Main.storyboard;
			sourceTree = "<group>";
		};
		159F9A5C1CDF80330014CBF4 /* LaunchScreen.storyboard */ = {
			isa = PBXVariantGroup;
			children = (
				159F9A5D1CDF80330014CBF4 /* Base */,
			);
			name = LaunchScreen.storyboard;
			sourceTree = "<group>";
		};
/* End PBXVariantGroup section */

/* Begin XCBuildConfiguration section */
		159F9A601CDF80330014CBF4 /* Debug */ = {
			isa = XCBuildConfiguration;
			buildSettings = {
				ALWAYS_SEARCH_USER_PATHS = NO;
				CLANG_ANALYZER_NONNULL = YES;
				CLANG_CXX_LANGUAGE_STANDARD = "gnu++0x";
				CLANG_CXX_LIBRARY = "libc++";
				CLANG_ENABLE_MODULES = YES;
				CLANG_ENABLE_OBJC_ARC = YES;
				CLANG_WARN_BOOL_CONVERSION = YES;
				CLANG_WARN_CONSTANT_CONVERSION = YES;
				CLANG_WARN_DIRECT_OBJC_ISA_USAGE = YES_ERROR;
				CLANG_WARN_EMPTY_BODY = YES;
				CLANG_WARN_ENUM_CONVERSION = YES;
				CLANG_WARN_INT_CONVERSION = YES;
				CLANG_WARN_OBJC_ROOT_CLASS = YES_ERROR;
				CLANG_WARN_UNREACHABLE_CODE = YES;
				CLANG_WARN__DUPLICATE_METHOD_MATCH = YES;
				"CODE_SIGN_IDENTITY[sdk=iphoneos*]" = "iPhone Developer";
				COPY_PHASE_STRIP = NO;
				DEBUG_INFORMATION_FORMAT = dwarf;
				ENABLE_STRICT_OBJC_MSGSEND = YES;
				ENABLE_TESTABILITY = YES;
				GCC_C_LANGUAGE_STANDARD = gnu99;
				GCC_DYNAMIC_NO_PIC = NO;
				GCC_NO_COMMON_BLOCKS = YES;
				GCC_OPTIMIZATION_LEVEL = 0;
				GCC_PREPROCESSOR_DEFINITIONS = (
					"DEBUG=1",
					"$(inherited)",
				);
				GCC_WARN_64_TO_32_BIT_CONVERSION = YES;
				GCC_WARN_ABOUT_RETURN_TYPE = YES_ERROR;
				GCC_WARN_UNDECLARED_SELECTOR = YES;
				GCC_WARN_UNINITIALIZED_AUTOS = YES_AGGRESSIVE;
				GCC_WARN_UNUSED_FUNCTION = YES;
				GCC_WARN_UNUSED_VARIABLE = YES;
				IPHONEOS_DEPLOYMENT_TARGET = 9.3;
				MTL_ENABLE_DEBUG_INFO = YES;
				ONLY_ACTIVE_ARCH = YES;
				SDKROOT = iphoneos;
				SWIFT_OPTIMIZATION_LEVEL = "-Onone";
			};
			name = Debug;
		};
		159F9A611CDF80330014CBF4 /* Release */ = {
			isa = XCBuildConfiguration;
			buildSettings = {
				ALWAYS_SEARCH_USER_PATHS = NO;
				CLANG_ANALYZER_NONNULL = YES;
				CLANG_CXX_LANGUAGE_STANDARD = "gnu++0x";
				CLANG_CXX_LIBRARY = "libc++";
				CLANG_ENABLE_MODULES = YES;
				CLANG_ENABLE_OBJC_ARC = YES;
				CLANG_WARN_BOOL_CONVERSION = YES;
				CLANG_WARN_CONSTANT_CONVERSION = YES;
				CLANG_WARN_DIRECT_OBJC_ISA_USAGE = YES_ERROR;
				CLANG_WARN_EMPTY_BODY = YES;
				CLANG_WARN_ENUM_CONVERSION = YES;
				CLANG_WARN_INT_CONVERSION = YES;
				CLANG_WARN_OBJC_ROOT_CLASS = YES_ERROR;
				CLANG_WARN_UNREACHABLE_CODE = YES;
				CLANG_WARN__DUPLICATE_METHOD_MATCH = YES;
				"CODE_SIGN_IDENTITY[sdk=iphoneos*]" = "iPhone Developer";
				COPY_PHASE_STRIP = NO;
				DEBUG_INFORMATION_FORMAT = "dwarf-with-dsym";
				ENABLE_NS_ASSERTIONS = NO;
				ENABLE_STRICT_OBJC_MSGSEND = YES;
				GCC_C_LANGUAGE_STANDARD = gnu99;
				GCC_NO_COMMON_BLOCKS = YES;
				GCC_WARN_64_TO_32_BIT_CONVERSION = YES;
				GCC_WARN_ABOUT_RETURN_TYPE = YES_ERROR;
				GCC_WARN_UNDECLARED_SELECTOR = YES;
				GCC_WARN_UNINITIALIZED_AUTOS = YES_AGGRESSIVE;
				GCC_WARN_UNUSED_FUNCTION = YES;
				GCC_WARN_UNUSED_VARIABLE = YES;
				IPHONEOS_DEPLOYMENT_TARGET = 9.3;
				MTL_ENABLE_DEBUG_INFO = NO;
				SDKROOT = iphoneos;
				VALIDATE_PRODUCT = YES;
			};
			name = Release;
		};
		159F9A631CDF80330014CBF4 /* Debug */ = {
			isa = XCBuildConfiguration;
			baseConfigurationReference = 37306AB43DF0DEF3121EB3D6 /* Pods-tv-shows.debug.xcconfig */;
			buildSettings = {
				ASSETCATALOG_COMPILER_APPICON_NAME = AppIcon;
				INFOPLIST_FILE = "tv-shows/Info.plist";
				LD_RUNPATH_SEARCH_PATHS = "$(inherited) @executable_path/Frameworks";
				PRODUCT_BUNDLE_IDENTIFIER = "com.sartra.tv-shows";
				PRODUCT_NAME = "$(TARGET_NAME)";
			};
			name = Debug;
		};
		159F9A641CDF80330014CBF4 /* Release */ = {
			isa = XCBuildConfiguration;
			baseConfigurationReference = AEDDEBA3BADA3230F7E37672 /* Pods-tv-shows.release.xcconfig */;
			buildSettings = {
				ASSETCATALOG_COMPILER_APPICON_NAME = AppIcon;
				INFOPLIST_FILE = "tv-shows/Info.plist";
				LD_RUNPATH_SEARCH_PATHS = "$(inherited) @executable_path/Frameworks";
				PRODUCT_BUNDLE_IDENTIFIER = "com.sartra.tv-shows";
				PRODUCT_NAME = "$(TARGET_NAME)";
			};
			name = Release;
		};
/* End XCBuildConfiguration section */

/* Begin XCConfigurationList section */
		159F9A4B1CDF80330014CBF4 /* Build configuration list for PBXProject "tv-shows" */ = {
			isa = XCConfigurationList;
			buildConfigurations = (
				159F9A601CDF80330014CBF4 /* Debug */,
				159F9A611CDF80330014CBF4 /* Release */,
			);
			defaultConfigurationIsVisible = 0;
			defaultConfigurationName = Release;
		};
		159F9A621CDF80330014CBF4 /* Build configuration list for PBXNativeTarget "tv-shows" */ = {
			isa = XCConfigurationList;
			buildConfigurations = (
				159F9A631CDF80330014CBF4 /* Debug */,
				159F9A641CDF80330014CBF4 /* Release */,
			);
			defaultConfigurationIsVisible = 0;
			defaultConfigurationName = Release;
		};
/* End XCConfigurationList section */
	};
	rootObject = 159F9A481CDF80330014CBF4 /* Project object */;
}
