// !$*UTF8*$!
{
	archiveVersion = 1;
	classes = {
	};
	objectVersion = 46;
	objects = {

/* Begin PBXBuildFile section */
		155A10181CD6464800FA38F8 /* AppDelegate.swift in Sources */ = {isa = PBXBuildFile; fileRef = 155A10171CD6464800FA38F8 /* AppDelegate.swift */; };
		155A101A1CD6464800FA38F8 /* ViewController.swift in Sources */ = {isa = PBXBuildFile; fileRef = 155A10191CD6464800FA38F8 /* ViewController.swift */; };
		155A101D1CD6464800FA38F8 /* Main.storyboard in Resources */ = {isa = PBXBuildFile; fileRef = 155A101B1CD6464800FA38F8 /* Main.storyboard */; };
		155A101F1CD6464800FA38F8 /* Assets.xcassets in Resources */ = {isa = PBXBuildFile; fileRef = 155A101E1CD6464800FA38F8 /* Assets.xcassets */; };
		155A10221CD6464800FA38F8 /* LaunchScreen.storyboard in Resources */ = {isa = PBXBuildFile; fileRef = 155A10201CD6464800FA38F8 /* LaunchScreen.storyboard */; };
		155A102A1CD647FE00FA38F8 /* MovieListViewController.swift in Sources */ = {isa = PBXBuildFile; fileRef = 155A10291CD647FE00FA38F8 /* MovieListViewController.swift */; };
		155A102D1CD6527700FA38F8 /* Movie.swift in Sources */ = {isa = PBXBuildFile; fileRef = 155A102C1CD6527700FA38F8 /* Movie.swift */; };
		155A10461CD65C6400FA38F8 /* avatar@2x.png in Resources */ = {isa = PBXBuildFile; fileRef = 155A10421CD65C6400FA38F8 /* avatar@2x.png */; };
		155A10471CD65C6400FA38F8 /* godfather@2x.png in Resources */ = {isa = PBXBuildFile; fileRef = 155A10431CD65C6400FA38F8 /* godfather@2x.png */; };
		155A10481CD65C6400FA38F8 /* junglebook@2x.png in Resources */ = {isa = PBXBuildFile; fileRef = 155A10441CD65C6400FA38F8 /* junglebook@2x.png */; };
		155A10491CD65C6400FA38F8 /* toystory@2x.png in Resources */ = {isa = PBXBuildFile; fileRef = 155A10451CD65C6400FA38F8 /* toystory@2x.png */; };
		155A104B1CD65E6300FA38F8 /* BlueViewController.swift in Sources */ = {isa = PBXBuildFile; fileRef = 155A104A1CD65E6300FA38F8 /* BlueViewController.swift */; };
		15C5BB851CD68C6700E69FC8 /* hungergames@2x.png in Resources */ = {isa = PBXBuildFile; fileRef = 15C5BB841CD68C6700E69FC8 /* hungergames@2x.png */; };
		15C5BB871CD68FCB00E69FC8 /* BandsViewController.swift in Sources */ = {isa = PBXBuildFile; fileRef = 15C5BB861CD68FCB00E69FC8 /* BandsViewController.swift */; };
		15C5BB891CD6906300E69FC8 /* Bands.swift in Sources */ = {isa = PBXBuildFile; fileRef = 15C5BB881CD6906300E69FC8 /* Bands.swift */; };
		15C5BB8B1CD6985000E69FC8 /* BandsDetailViewController.swift in Sources */ = {isa = PBXBuildFile; fileRef = 15C5BB8A1CD6985000E69FC8 /* BandsDetailViewController.swift */; };
		15C5BB8F1CD69FA000E69FC8 /* catpower@2x.png in Resources */ = {isa = PBXBuildFile; fileRef = 15C5BB8C1CD69FA000E69FC8 /* catpower@2x.png */; };
		15C5BB901CD69FA000E69FC8 /* jonasbrothers@2x.png in Resources */ = {isa = PBXBuildFile; fileRef = 15C5BB8D1CD69FA000E69FC8 /* jonasbrothers@2x.png */; };
		15C5BB911CD69FA000E69FC8 /* rollingstones@2x.png in Resources */ = {isa = PBXBuildFile; fileRef = 15C5BB8E1CD69FA000E69FC8 /* rollingstones@2x.png */; };
		68E962F1C01BEDC15BE30B02 /* Pods_movies.framework in Frameworks */ = {isa = PBXBuildFile; fileRef = 0E2AA65BE5709F5D100B0614 /* Pods_movies.framework */; };
/* End PBXBuildFile section */

/* Begin PBXFileReference section */
		0E2AA65BE5709F5D100B0614 /* Pods_movies.framework */ = {isa = PBXFileReference; explicitFileType = wrapper.framework; includeInIndex = 0; path = Pods_movies.framework; sourceTree = BUILT_PRODUCTS_DIR; };
		155A10141CD6464800FA38F8 /* movies.app */ = {isa = PBXFileReference; explicitFileType = wrapper.application; includeInIndex = 0; path = movies.app; sourceTree = BUILT_PRODUCTS_DIR; };
		155A10171CD6464800FA38F8 /* AppDelegate.swift */ = {isa = PBXFileReference; lastKnownFileType = sourcecode.swift; path = AppDelegate.swift; sourceTree = "<group>"; };
		155A10191CD6464800FA38F8 /* ViewController.swift */ = {isa = PBXFileReference; lastKnownFileType = sourcecode.swift; path = ViewController.swift; sourceTree = "<group>"; };
		155A101C1CD6464800FA38F8 /* Base */ = {isa = PBXFileReference; lastKnownFileType = file.storyboard; name = Base; path = Base.lproj/Main.storyboard; sourceTree = "<group>"; };
		155A101E1CD6464800FA38F8 /* Assets.xcassets */ = {isa = PBXFileReference; lastKnownFileType = folder.assetcatalog; path = Assets.xcassets; sourceTree = "<group>"; };
		155A10211CD6464800FA38F8 /* Base */ = {isa = PBXFileReference; lastKnownFileType = file.storyboard; name = Base; path = Base.lproj/LaunchScreen.storyboard; sourceTree = "<group>"; };
		155A10231CD6464800FA38F8 /* Info.plist */ = {isa = PBXFileReference; lastKnownFileType = text.plist.xml; path = Info.plist; sourceTree = "<group>"; };
		155A10291CD647FE00FA38F8 /* MovieListViewController.swift */ = {isa = PBXFileReference; fileEncoding = 4; lastKnownFileType = sourcecode.swift; path = MovieListViewController.swift; sourceTree = "<group>"; };
		155A102C1CD6527700FA38F8 /* Movie.swift */ = {isa = PBXFileReference; fileEncoding = 4; lastKnownFileType = sourcecode.swift; path = Movie.swift; sourceTree = "<group>"; };
		155A10421CD65C6400FA38F8 /* avatar@2x.png */ = {isa = PBXFileReference; lastKnownFileType = image.png; path = "avatar@2x.png"; sourceTree = "<group>"; };
		155A10431CD65C6400FA38F8 /* godfather@2x.png */ = {isa = PBXFileReference; lastKnownFileType = image.png; path = "godfather@2x.png"; sourceTree = "<group>"; };
		155A10441CD65C6400FA38F8 /* junglebook@2x.png */ = {isa = PBXFileReference; lastKnownFileType = image.png; path = "junglebook@2x.png"; sourceTree = "<group>"; };
		155A10451CD65C6400FA38F8 /* toystory@2x.png */ = {isa = PBXFileReference; lastKnownFileType = image.png; path = "toystory@2x.png"; sourceTree = "<group>"; };
		155A104A1CD65E6300FA38F8 /* BlueViewController.swift */ = {isa = PBXFileReference; fileEncoding = 4; lastKnownFileType = sourcecode.swift; path = BlueViewController.swift; sourceTree = "<group>"; };
		15C5BB841CD68C6700E69FC8 /* hungergames@2x.png */ = {isa = PBXFileReference; lastKnownFileType = image.png; path = "hungergames@2x.png"; sourceTree = "<group>"; };
		15C5BB861CD68FCB00E69FC8 /* BandsViewController.swift */ = {isa = PBXFileReference; fileEncoding = 4; lastKnownFileType = sourcecode.swift; path = BandsViewController.swift; sourceTree = "<group>"; };
		15C5BB881CD6906300E69FC8 /* Bands.swift */ = {isa = PBXFileReference; fileEncoding = 4; lastKnownFileType = sourcecode.swift; path = Bands.swift; sourceTree = "<group>"; };
		15C5BB8A1CD6985000E69FC8 /* BandsDetailViewController.swift */ = {isa = PBXFileReference; fileEncoding = 4; lastKnownFileType = sourcecode.swift; path = BandsDetailViewController.swift; sourceTree = "<group>"; };
		15C5BB8C1CD69FA000E69FC8 /* catpower@2x.png */ = {isa = PBXFileReference; lastKnownFileType = image.png; path = "catpower@2x.png"; sourceTree = "<group>"; };
		15C5BB8D1CD69FA000E69FC8 /* jonasbrothers@2x.png */ = {isa = PBXFileReference; lastKnownFileType = image.png; path = "jonasbrothers@2x.png"; sourceTree = "<group>"; };
		15C5BB8E1CD69FA000E69FC8 /* rollingstones@2x.png */ = {isa = PBXFileReference; lastKnownFileType = image.png; path = "rollingstones@2x.png"; sourceTree = "<group>"; };
		8C0AE6BDE89DB53EBDE15CF0 /* Pods-movies.debug.xcconfig */ = {isa = PBXFileReference; includeInIndex = 1; lastKnownFileType = text.xcconfig; name = "Pods-movies.debug.xcconfig"; path = "Pods/Target Support Files/Pods-movies/Pods-movies.debug.xcconfig"; sourceTree = "<group>"; };
		B6A021D75D67DCD0926D4348 /* Pods-movies.release.xcconfig */ = {isa = PBXFileReference; includeInIndex = 1; lastKnownFileType = text.xcconfig; name = "Pods-movies.release.xcconfig"; path = "Pods/Target Support Files/Pods-movies/Pods-movies.release.xcconfig"; sourceTree = "<group>"; };
/* End PBXFileReference section */

/* Begin PBXFrameworksBuildPhase section */
		155A10111CD6464800FA38F8 /* Frameworks */ = {
			isa = PBXFrameworksBuildPhase;
			buildActionMask = 2147483647;
			files = (
				68E962F1C01BEDC15BE30B02 /* Pods_movies.framework in Frameworks */,
			);
			runOnlyForDeploymentPostprocessing = 0;
		};
/* End PBXFrameworksBuildPhase section */

/* Begin PBXGroup section */
		155A100B1CD6464700FA38F8 = {
			isa = PBXGroup;
			children = (
				155A10161CD6464800FA38F8 /* movies */,
				155A10151CD6464800FA38F8 /* Products */,
				1651F59E8F0D43D296F0D2D5 /* Pods */,
				F0E6CD9BECB53997FF4003F6 /* Frameworks */,
			);
			sourceTree = "<group>";
		};
		155A10151CD6464800FA38F8 /* Products */ = {
			isa = PBXGroup;
			children = (
				155A10141CD6464800FA38F8 /* movies.app */,
			);
			name = Products;
			sourceTree = "<group>";
		};
		155A10161CD6464800FA38F8 /* movies */ = {
			isa = PBXGroup;
			children = (
				155A10171CD6464800FA38F8 /* AppDelegate.swift */,
				155A10411CD65C6400FA38F8 /* images */,
				155A10191CD6464800FA38F8 /* ViewController.swift */,
				155A104A1CD65E6300FA38F8 /* BlueViewController.swift */,
				15C5BB8A1CD6985000E69FC8 /* BandsDetailViewController.swift */,
				15C5BB861CD68FCB00E69FC8 /* BandsViewController.swift */,
				155A10291CD647FE00FA38F8 /* MovieListViewController.swift */,
				155A101B1CD6464800FA38F8 /* Main.storyboard */,
				155A101E1CD6464800FA38F8 /* Assets.xcassets */,
				155A10201CD6464800FA38F8 /* LaunchScreen.storyboard */,
				155A10231CD6464800FA38F8 /* Info.plist */,
				155A102B1CD6521A00FA38F8 /* models */,
			);
			path = movies;
			sourceTree = "<group>";
		};
		155A102B1CD6521A00FA38F8 /* models */ = {
			isa = PBXGroup;
			children = (
				155A102C1CD6527700FA38F8 /* Movie.swift */,
				15C5BB881CD6906300E69FC8 /* Bands.swift */,
			);
			path = models;
			sourceTree = "<group>";
		};
		155A10411CD65C6400FA38F8 /* images */ = {
			isa = PBXGroup;
			children = (
				15C5BB8C1CD69FA000E69FC8 /* catpower@2x.png */,
				15C5BB8D1CD69FA000E69FC8 /* jonasbrothers@2x.png */,
				15C5BB8E1CD69FA000E69FC8 /* rollingstones@2x.png */,
				155A10421CD65C6400FA38F8 /* avatar@2x.png */,
				15C5BB841CD68C6700E69FC8 /* hungergames@2x.png */,
				155A10431CD65C6400FA38F8 /* godfather@2x.png */,
				155A10441CD65C6400FA38F8 /* junglebook@2x.png */,
				155A10451CD65C6400FA38F8 /* toystory@2x.png */,
			);
			path = images;
			sourceTree = "<group>";
		};
		1651F59E8F0D43D296F0D2D5 /* Pods */ = {
			isa = PBXGroup;
			children = (
				8C0AE6BDE89DB53EBDE15CF0 /* Pods-movies.debug.xcconfig */,
				B6A021D75D67DCD0926D4348 /* Pods-movies.release.xcconfig */,
			);
			name = Pods;
			sourceTree = "<group>";
		};
		F0E6CD9BECB53997FF4003F6 /* Frameworks */ = {
			isa = PBXGroup;
			children = (
				0E2AA65BE5709F5D100B0614 /* Pods_movies.framework */,
			);
			name = Frameworks;
			sourceTree = "<group>";
		};
/* End PBXGroup section */

/* Begin PBXNativeTarget section */
		155A10131CD6464800FA38F8 /* movies */ = {
			isa = PBXNativeTarget;
			buildConfigurationList = 155A10261CD6464800FA38F8 /* Build configuration list for PBXNativeTarget "movies" */;
			buildPhases = (
				FAE3B0E7DBB65BEA4262AD1C /* Check Pods Manifest.lock */,
				155A10101CD6464800FA38F8 /* Sources */,
				155A10111CD6464800FA38F8 /* Frameworks */,
				155A10121CD6464800FA38F8 /* Resources */,
				ACA6E201911FF524387228D0 /* Embed Pods Frameworks */,
				296DB64F18B43D6285F6D4FC /* Copy Pods Resources */,
			);
			buildRules = (
			);
			dependencies = (
			);
			name = movies;
			productName = movies;
			productReference = 155A10141CD6464800FA38F8 /* movies.app */;
			productType = "com.apple.product-type.application";
		};
/* End PBXNativeTarget section */

/* Begin PBXProject section */
		155A100C1CD6464800FA38F8 /* Project object */ = {
			isa = PBXProject;
			attributes = {
				LastSwiftUpdateCheck = 0730;
				LastUpgradeCheck = 0730;
				ORGANIZATIONNAME = sartra;
				TargetAttributes = {
					155A10131CD6464800FA38F8 = {
						CreatedOnToolsVersion = 7.3;
					};
				};
			};
			buildConfigurationList = 155A100F1CD6464800FA38F8 /* Build configuration list for PBXProject "movies" */;
			compatibilityVersion = "Xcode 3.2";
			developmentRegion = English;
			hasScannedForEncodings = 0;
			knownRegions = (
				en,
				Base,
			);
			mainGroup = 155A100B1CD6464700FA38F8;
			productRefGroup = 155A10151CD6464800FA38F8 /* Products */;
			projectDirPath = "";
			projectRoot = "";
			targets = (
				155A10131CD6464800FA38F8 /* movies */,
			);
		};
/* End PBXProject section */

/* Begin PBXResourcesBuildPhase section */
		155A10121CD6464800FA38F8 /* Resources */ = {
			isa = PBXResourcesBuildPhase;
			buildActionMask = 2147483647;
			files = (
				155A10221CD6464800FA38F8 /* LaunchScreen.storyboard in Resources */,
				155A10471CD65C6400FA38F8 /* godfather@2x.png in Resources */,
				15C5BB8F1CD69FA000E69FC8 /* catpower@2x.png in Resources */,
				15C5BB901CD69FA000E69FC8 /* jonasbrothers@2x.png in Resources */,
				155A10481CD65C6400FA38F8 /* junglebook@2x.png in Resources */,
				155A10461CD65C6400FA38F8 /* avatar@2x.png in Resources */,
				155A101F1CD6464800FA38F8 /* Assets.xcassets in Resources */,
				15C5BB851CD68C6700E69FC8 /* hungergames@2x.png in Resources */,
				155A101D1CD6464800FA38F8 /* Main.storyboard in Resources */,
				15C5BB911CD69FA000E69FC8 /* rollingstones@2x.png in Resources */,
				155A10491CD65C6400FA38F8 /* toystory@2x.png in Resources */,
			);
			runOnlyForDeploymentPostprocessing = 0;
		};
/* End PBXResourcesBuildPhase section */

/* Begin PBXShellScriptBuildPhase section */
		296DB64F18B43D6285F6D4FC /* Copy Pods Resources */ = {
			isa = PBXShellScriptBuildPhase;
			buildActionMask = 2147483647;
			files = (
			);
			inputPaths = (
			);
			name = "Copy Pods Resources";
			outputPaths = (
			);
			runOnlyForDeploymentPostprocessing = 0;
			shellPath = /bin/sh;
			shellScript = "\"${SRCROOT}/Pods/Target Support Files/Pods-movies/Pods-movies-resources.sh\"\n";
			showEnvVarsInLog = 0;
		};
		ACA6E201911FF524387228D0 /* Embed Pods Frameworks */ = {
			isa = PBXShellScriptBuildPhase;
			buildActionMask = 2147483647;
			files = (
			);
			inputPaths = (
			);
			name = "Embed Pods Frameworks";
			outputPaths = (
			);
			runOnlyForDeploymentPostprocessing = 0;
			shellPath = /bin/sh;
			shellScript = "\"${SRCROOT}/Pods/Target Support Files/Pods-movies/Pods-movies-frameworks.sh\"\n";
			showEnvVarsInLog = 0;
		};
		FAE3B0E7DBB65BEA4262AD1C /* Check Pods Manifest.lock */ = {
			isa = PBXShellScriptBuildPhase;
			buildActionMask = 2147483647;
			files = (
			);
			inputPaths = (
			);
			name = "Check Pods Manifest.lock";
			outputPaths = (
			);
			runOnlyForDeploymentPostprocessing = 0;
			shellPath = /bin/sh;
			shellScript = "diff \"${PODS_ROOT}/../Podfile.lock\" \"${PODS_ROOT}/Manifest.lock\" > /dev/null\nif [[ $? != 0 ]] ; then\n    cat << EOM\nerror: The sandbox is not in sync with the Podfile.lock. Run 'pod install' or update your CocoaPods installation.\nEOM\n    exit 1\nfi\n";
			showEnvVarsInLog = 0;
		};
/* End PBXShellScriptBuildPhase section */

/* Begin PBXSourcesBuildPhase section */
		155A10101CD6464800FA38F8 /* Sources */ = {
			isa = PBXSourcesBuildPhase;
			buildActionMask = 2147483647;
			files = (
				155A102A1CD647FE00FA38F8 /* MovieListViewController.swift in Sources */,
				155A101A1CD6464800FA38F8 /* ViewController.swift in Sources */,
				155A102D1CD6527700FA38F8 /* Movie.swift in Sources */,
				155A104B1CD65E6300FA38F8 /* BlueViewController.swift in Sources */,
				15C5BB8B1CD6985000E69FC8 /* BandsDetailViewController.swift in Sources */,
				155A10181CD6464800FA38F8 /* AppDelegate.swift in Sources */,
				15C5BB891CD6906300E69FC8 /* Bands.swift in Sources */,
				15C5BB871CD68FCB00E69FC8 /* BandsViewController.swift in Sources */,
			);
			runOnlyForDeploymentPostprocessing = 0;
		};
/* End PBXSourcesBuildPhase section */

/* Begin PBXVariantGroup section */
		155A101B1CD6464800FA38F8 /* Main.storyboard */ = {
			isa = PBXVariantGroup;
			children = (
				155A101C1CD6464800FA38F8 /* Base */,
			);
			name = Main.storyboard;
			sourceTree = "<group>";
		};
		155A10201CD6464800FA38F8 /* LaunchScreen.storyboard */ = {
			isa = PBXVariantGroup;
			children = (
				155A10211CD6464800FA38F8 /* Base */,
			);
			name = LaunchScreen.storyboard;
			sourceTree = "<group>";
		};
/* End PBXVariantGroup section */

/* Begin XCBuildConfiguration section */
		155A10241CD6464800FA38F8 /* Debug */ = {
			isa = XCBuildConfiguration;
			buildSettings = {
				ALWAYS_SEARCH_USER_PATHS = NO;
				CLANG_ANALYZER_NONNULL = YES;
				CLANG_CXX_LANGUAGE_STANDARD = "gnu++0x";
				CLANG_CXX_LIBRARY = "libc++";
				CLANG_ENABLE_MODULES = YES;
				CLANG_ENABLE_OBJC_ARC = YES;
				CLANG_WARN_BOOL_CONVERSION = YES;
				CLANG_WARN_CONSTANT_CONVERSION = YES;
				CLANG_WARN_DIRECT_OBJC_ISA_USAGE = YES_ERROR;
				CLANG_WARN_EMPTY_BODY = YES;
				CLANG_WARN_ENUM_CONVERSION = YES;
				CLANG_WARN_INT_CONVERSION = YES;
				CLANG_WARN_OBJC_ROOT_CLASS = YES_ERROR;
				CLANG_WARN_UNREACHABLE_CODE = YES;
				CLANG_WARN__DUPLICATE_METHOD_MATCH = YES;
				"CODE_SIGN_IDENTITY[sdk=iphoneos*]" = "iPhone Developer";
				COPY_PHASE_STRIP = NO;
				DEBUG_INFORMATION_FORMAT = dwarf;
				ENABLE_STRICT_OBJC_MSGSEND = YES;
				ENABLE_TESTABILITY = YES;
				GCC_C_LANGUAGE_STANDARD = gnu99;
				GCC_DYNAMIC_NO_PIC = NO;
				GCC_NO_COMMON_BLOCKS = YES;
				GCC_OPTIMIZATION_LEVEL = 0;
				GCC_PREPROCESSOR_DEFINITIONS = (
					"DEBUG=1",
					"$(inherited)",
				);
				GCC_WARN_64_TO_32_BIT_CONVERSION = YES;
				GCC_WARN_ABOUT_RETURN_TYPE = YES_ERROR;
				GCC_WARN_UNDECLARED_SELECTOR = YES;
				GCC_WARN_UNINITIALIZED_AUTOS = YES_AGGRESSIVE;
				GCC_WARN_UNUSED_FUNCTION = YES;
				GCC_WARN_UNUSED_VARIABLE = YES;
				IPHONEOS_DEPLOYMENT_TARGET = 9.3;
				MTL_ENABLE_DEBUG_INFO = YES;
				ONLY_ACTIVE_ARCH = YES;
				SDKROOT = iphoneos;
				SWIFT_OPTIMIZATION_LEVEL = "-Onone";
			};
			name = Debug;
		};
		155A10251CD6464800FA38F8 /* Release */ = {
			isa = XCBuildConfiguration;
			buildSettings = {
				ALWAYS_SEARCH_USER_PATHS = NO;
				CLANG_ANALYZER_NONNULL = YES;
				CLANG_CXX_LANGUAGE_STANDARD = "gnu++0x";
				CLANG_CXX_LIBRARY = "libc++";
				CLANG_ENABLE_MODULES = YES;
				CLANG_ENABLE_OBJC_ARC = YES;
				CLANG_WARN_BOOL_CONVERSION = YES;
				CLANG_WARN_CONSTANT_CONVERSION = YES;
				CLANG_WARN_DIRECT_OBJC_ISA_USAGE = YES_ERROR;
				CLANG_WARN_EMPTY_BODY = YES;
				CLANG_WARN_ENUM_CONVERSION = YES;
				CLANG_WARN_INT_CONVERSION = YES;
				CLANG_WARN_OBJC_ROOT_CLASS = YES_ERROR;
				CLANG_WARN_UNREACHABLE_CODE = YES;
				CLANG_WARN__DUPLICATE_METHOD_MATCH = YES;
				"CODE_SIGN_IDENTITY[sdk=iphoneos*]" = "iPhone Developer";
				COPY_PHASE_STRIP = NO;
				DEBUG_INFORMATION_FORMAT = "dwarf-with-dsym";
				ENABLE_NS_ASSERTIONS = NO;
				ENABLE_STRICT_OBJC_MSGSEND = YES;
				GCC_C_LANGUAGE_STANDARD = gnu99;
				GCC_NO_COMMON_BLOCKS = YES;
				GCC_WARN_64_TO_32_BIT_CONVERSION = YES;
				GCC_WARN_ABOUT_RETURN_TYPE = YES_ERROR;
				GCC_WARN_UNDECLARED_SELECTOR = YES;
				GCC_WARN_UNINITIALIZED_AUTOS = YES_AGGRESSIVE;
				GCC_WARN_UNUSED_FUNCTION = YES;
				GCC_WARN_UNUSED_VARIABLE = YES;
				IPHONEOS_DEPLOYMENT_TARGET = 9.3;
				MTL_ENABLE_DEBUG_INFO = NO;
				SDKROOT = iphoneos;
				VALIDATE_PRODUCT = YES;
			};
			name = Release;
		};
		155A10271CD6464800FA38F8 /* Debug */ = {
			isa = XCBuildConfiguration;
			baseConfigurationReference = 8C0AE6BDE89DB53EBDE15CF0 /* Pods-movies.debug.xcconfig */;
			buildSettings = {
				ASSETCATALOG_COMPILER_APPICON_NAME = AppIcon;
				INFOPLIST_FILE = movies/Info.plist;
				LD_RUNPATH_SEARCH_PATHS = "$(inherited) @executable_path/Frameworks";
				PRODUCT_BUNDLE_IDENTIFIER = com.sartra.movies;
				PRODUCT_NAME = "$(TARGET_NAME)";
			};
			name = Debug;
		};
		155A10281CD6464800FA38F8 /* Release */ = {
			isa = XCBuildConfiguration;
			baseConfigurationReference = B6A021D75D67DCD0926D4348 /* Pods-movies.release.xcconfig */;
			buildSettings = {
				ASSETCATALOG_COMPILER_APPICON_NAME = AppIcon;
				INFOPLIST_FILE = movies/Info.plist;
				LD_RUNPATH_SEARCH_PATHS = "$(inherited) @executable_path/Frameworks";
				PRODUCT_BUNDLE_IDENTIFIER = com.sartra.movies;
				PRODUCT_NAME = "$(TARGET_NAME)";
			};
			name = Release;
		};
/* End XCBuildConfiguration section */

/* Begin XCConfigurationList section */
		155A100F1CD6464800FA38F8 /* Build configuration list for PBXProject "movies" */ = {
			isa = XCConfigurationList;
			buildConfigurations = (
				155A10241CD6464800FA38F8 /* Debug */,
				155A10251CD6464800FA38F8 /* Release */,
			);
			defaultConfigurationIsVisible = 0;
			defaultConfigurationName = Release;
		};
		155A10261CD6464800FA38F8 /* Build configuration list for PBXNativeTarget "movies" */ = {
			isa = XCConfigurationList;
			buildConfigurations = (
				155A10271CD6464800FA38F8 /* Debug */,
				155A10281CD6464800FA38F8 /* Release */,
			);
			defaultConfigurationIsVisible = 0;
			defaultConfigurationName = Release;
		};
/* End XCConfigurationList section */
	};
	rootObject = 155A100C1CD6464800FA38F8 /* Project object */;
}
